{
  "name": "Barterx",
  "lockfileVersion": 3,
  "requires": true,
  "packages": {
    "": {
      "dependencies": {
        "chalk": "^5.4.1",
        "validatory": "^0.3.1"
      }
    },
    "node_modules/chalk": {
      "version": "5.4.1",
      "resolved": "https://registry.npmjs.org/chalk/-/chalk-5.4.1.tgz",
      "integrity": "sha512-zgVZuo2WcZgfUEmsn6eO3kINexW8RAE4maiQ8QNs8CtpPCSyMiYsULR3HQYkm3w8FIA3SberyMJMSldGsW+U3w==",
      "license": "MIT",
      "engines": {
        "node": "^12.17.0 || ^14.13 || >=16.0.0"
      },
      "funding": {
        "url": "https://github.com/chalk/chalk?sponsor=1"
      }
    },
    "node_modules/validatory": {
      "version": "0.3.1",
      "resolved": "https://registry.npmjs.org/validatory/-/validatory-0.3.1.tgz",
      "integrity": "sha512-MdCWYIK3d1bqOWfAJTvrBf4ZC2ZOO1RfzOo4l0knWZun06HjOYBq0b76/8IAkOjU/j7SCWHQYuMryxl5ZLXSNA==",
      "license": "MIT"
    }
  }
}
